// !$*UTF8*$!
{
	archiveVersion = 1;
	classes = {
	};
	objectVersion = 56;
	objects = {

/* Begin PBXCopyFilesBuildPhase section */
		B53F55182970181D002F7624 /* CopyFiles */ = {
			isa = PBXCopyFilesBuildPhase;
			buildActionMask = 2147483647;
			dstPath = /usr/share/man/man1/;
			dstSubfolderSpec = 0;
			files = (
			);
			runOnlyForDeploymentPostprocessing = 1;
		};
/* End PBXCopyFilesBuildPhase section */

/* Begin PBXFileReference section */
		B50CFD8F297BDA110065D52D /* DFS.swift */ = {isa = PBXFileReference; lastKnownFileType = sourcecode.swift; path = DFS.swift; sourceTree = "<group>"; };
		B50CFD91297BE5190065D52D /* Queue.swift */ = {isa = PBXFileReference; lastKnownFileType = sourcecode.swift; path = Queue.swift; sourceTree = "<group>"; };
		B50CFD942981233A0065D52D /* BFS.swift */ = {isa = PBXFileReference; lastKnownFileType = sourcecode.swift; path = BFS.swift; sourceTree = "<group>"; };
		B50CFD96298126BB0065D52D /* 특정거리의 도시찾기.swift */ = {isa = PBXFileReference; lastKnownFileType = sourcecode.swift; path = "특정거리의 도시찾기.swift"; sourceTree = "<group>"; };
		B50CFD9829813AF90065D52D /* 연구소.swift */ = {isa = PBXFileReference; lastKnownFileType = sourcecode.swift; path = "연구소.swift"; sourceTree = "<group>"; };
		B50CFD9A2981671F0065D52D /* 경쟁적 전염.swift */ = {isa = PBXFileReference; lastKnownFileType = sourcecode.swift; path = "경쟁적 전염.swift"; sourceTree = "<group>"; };
		B50CFD9C298175480065D52D /* 경쟁적 전염-test.swift */ = {isa = PBXFileReference; lastKnownFileType = sourcecode.swift; path = "경쟁적 전염-test.swift"; sourceTree = "<group>"; };
		B50CFD9E2981764A0065D52D /* 괄호 변환.swift */ = {isa = PBXFileReference; lastKnownFileType = sourcecode.swift; path = "괄호 변환.swift"; sourceTree = "<group>"; };
		B50CFDA0298269070065D52D /* 연산자 끼워넣기.swift */ = {isa = PBXFileReference; lastKnownFileType = sourcecode.swift; path = "연산자 끼워넣기.swift"; sourceTree = "<group>"; };
		B50CFDA2298279B70065D52D /* 감시 피하기.swift */ = {isa = PBXFileReference; lastKnownFileType = sourcecode.swift; path = "감시 피하기.swift"; sourceTree = "<group>"; };
		B50CFDA5298291700065D52D /* 인구 이동.swift */ = {isa = PBXFileReference; lastKnownFileType = sourcecode.swift; path = "인구 이동.swift"; sourceTree = "<group>"; };
		B50CFDA72983C2140065D52D /* 블록 이동하기.swift */ = {isa = PBXFileReference; lastKnownFileType = sourcecode.swift; path = "블록 이동하기.swift"; sourceTree = "<group>"; };
		B50CFDAA2987AF2F0065D52D /* 모험가길드.swift */ = {isa = PBXFileReference; lastKnownFileType = sourcecode.swift; path = "모험가길드.swift"; sourceTree = "<group>"; };
		B50CFDAC2987BE1A0065D52D /* 곱하기 혹은 더하기.swift */ = {isa = PBXFileReference; lastKnownFileType = sourcecode.swift; path = "곱하기 혹은 더하기.swift"; sourceTree = "<group>"; };
		B50CFDAE2987BFF60065D52D /* 문자열 뒤집기.swift */ = {isa = PBXFileReference; lastKnownFileType = sourcecode.swift; path = "문자열 뒤집기.swift"; sourceTree = "<group>"; };
		B50CFDB22987E6F80065D52D /* 만들 수 없는 금액(저울).swift */ = {isa = PBXFileReference; lastKnownFileType = sourcecode.swift; path = "만들 수 없는 금액(저울).swift"; sourceTree = "<group>"; };
		B50CFDB42988067D0065D52D /* 볼링공 고르기.swift */ = {isa = PBXFileReference; lastKnownFileType = sourcecode.swift; path = "볼링공 고르기.swift"; sourceTree = "<group>"; };
		B50CFDB8298BAE970065D52D /* 무지의 먹방 라이브.swift */ = {isa = PBXFileReference; lastKnownFileType = sourcecode.swift; path = "무지의 먹방 라이브.swift"; sourceTree = "<group>"; };
		B50CFDBA298D17720065D52D /* Heap.swift */ = {isa = PBXFileReference; lastKnownFileType = sourcecode.swift; path = Heap.swift; sourceTree = "<group>"; };
		B50CFDBF298FA6B30065D52D /* 정렬.swift */ = {isa = PBXFileReference; lastKnownFileType = sourcecode.swift; path = "정렬.swift"; sourceTree = "<group>"; };
		B50CFDC3298FD2F90065D52D /* 위에서 아래로.swift */ = {isa = PBXFileReference; lastKnownFileType = sourcecode.swift; path = "위에서 아래로.swift"; sourceTree = "<group>"; };
		B50CFDC5298FD37F0065D52D /* 성적이 낮은 순서.swift */ = {isa = PBXFileReference; lastKnownFileType = sourcecode.swift; path = "성적이 낮은 순서.swift"; sourceTree = "<group>"; };
		B50CFDC7298FD52A0065D52D /* 두 배열의 원소 교체.swift */ = {isa = PBXFileReference; lastKnownFileType = sourcecode.swift; path = "두 배열의 원소 교체.swift"; sourceTree = "<group>"; };
		B53F551A2970181D002F7624 /* Minjae */ = {isa = PBXFileReference; explicitFileType = "compiled.mach-o.executable"; includeInIndex = 0; path = Minjae; sourceTree = BUILT_PRODUCTS_DIR; };
		B53F55242970190F002F7624 /* 순열.swift */ = {isa = PBXFileReference; fileEncoding = 4; lastKnownFileType = sourcecode.swift; path = "순열.swift"; sourceTree = "<group>"; };
		B53F55262970190F002F7624 /* 왕실의 나이트.swift */ = {isa = PBXFileReference; fileEncoding = 4; lastKnownFileType = sourcecode.swift; path = "왕실의 나이트.swift"; sourceTree = "<group>"; };
		B53F55272970190F002F7624 /* 문자열 압축.swift */ = {isa = PBXFileReference; fileEncoding = 4; lastKnownFileType = sourcecode.swift; path = "문자열 압축.swift"; sourceTree = "<group>"; };
		B53F55282970190F002F7624 /* 문자열 재정렬.swift */ = {isa = PBXFileReference; fileEncoding = 4; lastKnownFileType = sourcecode.swift; path = "문자열 재정렬.swift"; sourceTree = "<group>"; };
		B53F55292970190F002F7624 /* 게임 개발.swift */ = {isa = PBXFileReference; fileEncoding = 4; lastKnownFileType = sourcecode.swift; path = "게임 개발.swift"; sourceTree = "<group>"; };
		B53F552A2970190F002F7624 /* 기둥과보-test.swift */ = {isa = PBXFileReference; fileEncoding = 4; lastKnownFileType = sourcecode.swift; path = "기둥과보-test.swift"; sourceTree = "<group>"; };
		B53F552B2970190F002F7624 /* 럭키 스트레이트.swift */ = {isa = PBXFileReference; fileEncoding = 4; lastKnownFileType = sourcecode.swift; path = "럭키 스트레이트.swift"; sourceTree = "<group>"; };
		B53F552C2970190F002F7624 /* 자물쇠와 열쇠.swift */ = {isa = PBXFileReference; fileEncoding = 4; lastKnownFileType = sourcecode.swift; path = "자물쇠와 열쇠.swift"; sourceTree = "<group>"; };
		B53F552D2970190F002F7624 /* 기둥과보.swift */ = {isa = PBXFileReference; fileEncoding = 4; lastKnownFileType = sourcecode.swift; path = "기둥과보.swift"; sourceTree = "<group>"; };
		B53F552E2970190F002F7624 /* 외벽점검.swift */ = {isa = PBXFileReference; fileEncoding = 4; lastKnownFileType = sourcecode.swift; path = "외벽점검.swift"; sourceTree = "<group>"; };
		B53F552F2970190F002F7624 /* 뱀.swift */ = {isa = PBXFileReference; fileEncoding = 4; lastKnownFileType = sourcecode.swift; path = "뱀.swift"; sourceTree = "<group>"; };
		B53F55302970190F002F7624 /* 치킨배달.swift */ = {isa = PBXFileReference; fileEncoding = 4; lastKnownFileType = sourcecode.swift; path = "치킨배달.swift"; sourceTree = "<group>"; };
		B53F55312970190F002F7624 /* 조합.swift */ = {isa = PBXFileReference; fileEncoding = 4; lastKnownFileType = sourcecode.swift; path = "조합.swift"; sourceTree = "<group>"; };
/* End PBXFileReference section */

/* Begin PBXFrameworksBuildPhase section */
		B53F55172970181D002F7624 /* Frameworks */ = {
			isa = PBXFrameworksBuildPhase;
			buildActionMask = 2147483647;
			files = (
			);
			runOnlyForDeploymentPostprocessing = 0;
		};
/* End PBXFrameworksBuildPhase section */

/* Begin PBXGroup section */
		B50CFD8E297BD9FA0065D52D /* DFS_BFS */ = {
			isa = PBXGroup;
			children = (
				B50CFD96298126BB0065D52D /* 특정거리의 도시찾기.swift */,
				B50CFD9829813AF90065D52D /* 연구소.swift */,
				B50CFD9A2981671F0065D52D /* 경쟁적 전염.swift */,
				B50CFD9C298175480065D52D /* 경쟁적 전염-test.swift */,
				B50CFD9E2981764A0065D52D /* 괄호 변환.swift */,
				B50CFDA0298269070065D52D /* 연산자 끼워넣기.swift */,
				B50CFDA2298279B70065D52D /* 감시 피하기.swift */,
				B50CFDA5298291700065D52D /* 인구 이동.swift */,
				B50CFDA72983C2140065D52D /* 블록 이동하기.swift */,
			);
			path = DFS_BFS;
			sourceTree = "<group>";
		};
		B50CFDA92987AF250065D52D /* 그리디 */ = {
			isa = PBXGroup;
			children = (
				B50CFDAA2987AF2F0065D52D /* 모험가길드.swift */,
				B50CFDAC2987BE1A0065D52D /* 곱하기 혹은 더하기.swift */,
				B50CFDAE2987BFF60065D52D /* 문자열 뒤집기.swift */,
				B50CFDB22987E6F80065D52D /* 만들 수 없는 금액(저울).swift */,
				B50CFDB42988067D0065D52D /* 볼링공 고르기.swift */,
				B50CFDB8298BAE970065D52D /* 무지의 먹방 라이브.swift */,
			);
			name = "그리디";
			path = "그리디";
			sourceTree = "<group>";
		};
		B50CFDBE298FA6940065D52D /* 정렬 */ = {
			isa = PBXGroup;
			children = (
				B50CFDC3298FD2F90065D52D /* 위에서 아래로.swift */,
				B50CFDC5298FD37F0065D52D /* 성적이 낮은 순서.swift */,
				B50CFDC7298FD52A0065D52D /* 두 배열의 원소 교체.swift */,
			);
			name = "정렬";
			path = "정렬";
			sourceTree = "<group>";
		};
		B50CFDC1298FD2490065D52D /* 자료구조 */ = {
			isa = PBXGroup;
			children = (
				B50CFDBA298D17720065D52D /* Heap.swift */,
				B50CFD91297BE5190065D52D /* Queue.swift */,
			);
			name = "자료구조";
			path = "자료구조";
			sourceTree = "<group>";
		};
		B50CFDC2298FD2560065D52D /* 개념 */ = {
			isa = PBXGroup;
			children = (
				B50CFDBF298FA6B30065D52D /* 정렬.swift */,
				B53F55242970190F002F7624 /* 순열.swift */,
				B53F55312970190F002F7624 /* 조합.swift */,
				B50CFD8F297BDA110065D52D /* DFS.swift */,
				B50CFD942981233A0065D52D /* BFS.swift */,
			);
			name = "개념";
			path = "개념";
			sourceTree = "<group>";
		};
		B53F55112970181D002F7624 = {
			isa = PBXGroup;
			children = (
				B53F551C2970181D002F7624 /* Minjae */,
				B53F551B2970181D002F7624 /* Products */,
			);
			sourceTree = "<group>";
		};
		B53F551B2970181D002F7624 /* Products */ = {
			isa = PBXGroup;
			children = (
				B53F551A2970181D002F7624 /* Minjae */,
			);
			name = Products;
			sourceTree = "<group>";
		};
		B53F551C2970181D002F7624 /* Minjae */ = {
			isa = PBXGroup;
			children = (
				B50CFDC2298FD2560065D52D /* 개념 */,
				B50CFDC1298FD2490065D52D /* 자료구조 */,
				B50CFDBE298FA6940065D52D /* 정렬 */,
				B50CFDA92987AF250065D52D /* 그리디 */,
				B50CFD8E297BD9FA0065D52D /* DFS_BFS */,
				B53F55252970190F002F7624 /* 구현 */,
			);
			path = Minjae;
			sourceTree = "<group>";
		};
		B53F55252970190F002F7624 /* 구현 */ = {
			isa = PBXGroup;
			children = (
				B53F55262970190F002F7624 /* 왕실의 나이트.swift */,
				B53F55272970190F002F7624 /* 문자열 압축.swift */,
				B53F55282970190F002F7624 /* 문자열 재정렬.swift */,
				B53F55292970190F002F7624 /* 게임 개발.swift */,
				B53F552A2970190F002F7624 /* 기둥과보-test.swift */,
				B53F552B2970190F002F7624 /* 럭키 스트레이트.swift */,
				B53F552C2970190F002F7624 /* 자물쇠와 열쇠.swift */,
				B53F552D2970190F002F7624 /* 기둥과보.swift */,
				B53F552E2970190F002F7624 /* 외벽점검.swift */,
				B53F552F2970190F002F7624 /* 뱀.swift */,
				B53F55302970190F002F7624 /* 치킨배달.swift */,
			);
			path = "구현";
			sourceTree = "<group>";
		};
/* End PBXGroup section */

/* Begin PBXNativeTarget section */
		B53F55192970181D002F7624 /* Minjae */ = {
			isa = PBXNativeTarget;
			buildConfigurationList = B53F55212970181D002F7624 /* Build configuration list for PBXNativeTarget "Minjae" */;
			buildPhases = (
				B53F55162970181D002F7624 /* Sources */,
				B53F55172970181D002F7624 /* Frameworks */,
				B53F55182970181D002F7624 /* CopyFiles */,
			);
			buildRules = (
			);
			dependencies = (
			);
			name = Minjae;
			productName = Minjae;
			productReference = B53F551A2970181D002F7624 /* Minjae */;
			productType = "com.apple.product-type.tool";
		};
/* End PBXNativeTarget section */

/* Begin PBXProject section */
		B53F55122970181D002F7624 /* Project object */ = {
			isa = PBXProject;
			attributes = {
				BuildIndependentTargetsInParallel = 1;
				LastSwiftUpdateCheck = 1420;
				LastUpgradeCheck = 1420;
				TargetAttributes = {
					B53F55192970181D002F7624 = {
						CreatedOnToolsVersion = 14.2;
						LastSwiftMigration = 1420;
					};
				};
			};
			buildConfigurationList = B53F55152970181D002F7624 /* Build configuration list for PBXProject "Minjae" */;
			compatibilityVersion = "Xcode 14.0";
			developmentRegion = en;
			hasScannedForEncodings = 0;
			knownRegions = (
				en,
				Base,
			);
			mainGroup = B53F55112970181D002F7624;
			productRefGroup = B53F551B2970181D002F7624 /* Products */;
			projectDirPath = "";
			projectRoot = "";
			targets = (
				B53F55192970181D002F7624 /* Minjae */,
			);
		};
/* End PBXProject section */

/* Begin PBXSourcesBuildPhase section */
		B53F55162970181D002F7624 /* Sources */ = {
			isa = PBXSourcesBuildPhase;
			buildActionMask = 2147483647;
			files = (
			);
			runOnlyForDeploymentPostprocessing = 0;
		};
/* End PBXSourcesBuildPhase section */

/* Begin XCBuildConfiguration section */
		B53F551F2970181D002F7624 /* Debug */ = {
			isa = XCBuildConfiguration;
			buildSettings = {
				ALWAYS_SEARCH_USER_PATHS = NO;
				CLANG_ANALYZER_NONNULL = YES;
				CLANG_ANALYZER_NUMBER_OBJECT_CONVERSION = YES_AGGRESSIVE;
				CLANG_CXX_LANGUAGE_STANDARD = "gnu++20";
				CLANG_ENABLE_MODULES = YES;
				CLANG_ENABLE_OBJC_ARC = YES;
				CLANG_ENABLE_OBJC_WEAK = YES;
				CLANG_WARN_BLOCK_CAPTURE_AUTORELEASING = YES;
				CLANG_WARN_BOOL_CONVERSION = YES;
				CLANG_WARN_COMMA = YES;
				CLANG_WARN_CONSTANT_CONVERSION = YES;
				CLANG_WARN_DEPRECATED_OBJC_IMPLEMENTATIONS = YES;
				CLANG_WARN_DIRECT_OBJC_ISA_USAGE = YES_ERROR;
				CLANG_WARN_DOCUMENTATION_COMMENTS = YES;
				CLANG_WARN_EMPTY_BODY = YES;
				CLANG_WARN_ENUM_CONVERSION = YES;
				CLANG_WARN_INFINITE_RECURSION = YES;
				CLANG_WARN_INT_CONVERSION = YES;
				CLANG_WARN_NON_LITERAL_NULL_CONVERSION = YES;
				CLANG_WARN_OBJC_IMPLICIT_RETAIN_SELF = YES;
				CLANG_WARN_OBJC_LITERAL_CONVERSION = YES;
				CLANG_WARN_OBJC_ROOT_CLASS = YES_ERROR;
				CLANG_WARN_QUOTED_INCLUDE_IN_FRAMEWORK_HEADER = YES;
				CLANG_WARN_RANGE_LOOP_ANALYSIS = YES;
				CLANG_WARN_STRICT_PROTOTYPES = YES;
				CLANG_WARN_SUSPICIOUS_MOVE = YES;
				CLANG_WARN_UNGUARDED_AVAILABILITY = YES_AGGRESSIVE;
				CLANG_WARN_UNREACHABLE_CODE = YES;
				CLANG_WARN__DUPLICATE_METHOD_MATCH = YES;
				COPY_PHASE_STRIP = NO;
				DEBUG_INFORMATION_FORMAT = dwarf;
				ENABLE_STRICT_OBJC_MSGSEND = YES;
				ENABLE_TESTABILITY = YES;
				GCC_C_LANGUAGE_STANDARD = gnu11;
				GCC_DYNAMIC_NO_PIC = NO;
				GCC_NO_COMMON_BLOCKS = YES;
				GCC_OPTIMIZATION_LEVEL = 0;
				GCC_PREPROCESSOR_DEFINITIONS = (
					"DEBUG=1",
					"$(inherited)",
				);
				GCC_WARN_64_TO_32_BIT_CONVERSION = YES;
				GCC_WARN_ABOUT_RETURN_TYPE = YES_ERROR;
				GCC_WARN_UNDECLARED_SELECTOR = YES;
				GCC_WARN_UNINITIALIZED_AUTOS = YES_AGGRESSIVE;
				GCC_WARN_UNUSED_FUNCTION = YES;
				GCC_WARN_UNUSED_VARIABLE = YES;
				MACOSX_DEPLOYMENT_TARGET = 12.6;
				MTL_ENABLE_DEBUG_INFO = INCLUDE_SOURCE;
				MTL_FAST_MATH = YES;
				ONLY_ACTIVE_ARCH = YES;
				SDKROOT = macosx;
				SWIFT_ACTIVE_COMPILATION_CONDITIONS = DEBUG;
				SWIFT_OPTIMIZATION_LEVEL = "-Onone";
			};
			name = Debug;
		};
		B53F55202970181D002F7624 /* Release */ = {
			isa = XCBuildConfiguration;
			buildSettings = {
				ALWAYS_SEARCH_USER_PATHS = NO;
				CLANG_ANALYZER_NONNULL = YES;
				CLANG_ANALYZER_NUMBER_OBJECT_CONVERSION = YES_AGGRESSIVE;
				CLANG_CXX_LANGUAGE_STANDARD = "gnu++20";
				CLANG_ENABLE_MODULES = YES;
				CLANG_ENABLE_OBJC_ARC = YES;
				CLANG_ENABLE_OBJC_WEAK = YES;
				CLANG_WARN_BLOCK_CAPTURE_AUTORELEASING = YES;
				CLANG_WARN_BOOL_CONVERSION = YES;
				CLANG_WARN_COMMA = YES;
				CLANG_WARN_CONSTANT_CONVERSION = YES;
				CLANG_WARN_DEPRECATED_OBJC_IMPLEMENTATIONS = YES;
				CLANG_WARN_DIRECT_OBJC_ISA_USAGE = YES_ERROR;
				CLANG_WARN_DOCUMENTATION_COMMENTS = YES;
				CLANG_WARN_EMPTY_BODY = YES;
				CLANG_WARN_ENUM_CONVERSION = YES;
				CLANG_WARN_INFINITE_RECURSION = YES;
				CLANG_WARN_INT_CONVERSION = YES;
				CLANG_WARN_NON_LITERAL_NULL_CONVERSION = YES;
				CLANG_WARN_OBJC_IMPLICIT_RETAIN_SELF = YES;
				CLANG_WARN_OBJC_LITERAL_CONVERSION = YES;
				CLANG_WARN_OBJC_ROOT_CLASS = YES_ERROR;
				CLANG_WARN_QUOTED_INCLUDE_IN_FRAMEWORK_HEADER = YES;
				CLANG_WARN_RANGE_LOOP_ANALYSIS = YES;
				CLANG_WARN_STRICT_PROTOTYPES = YES;
				CLANG_WARN_SUSPICIOUS_MOVE = YES;
				CLANG_WARN_UNGUARDED_AVAILABILITY = YES_AGGRESSIVE;
				CLANG_WARN_UNREACHABLE_CODE = YES;
				CLANG_WARN__DUPLICATE_METHOD_MATCH = YES;
				COPY_PHASE_STRIP = NO;
				DEBUG_INFORMATION_FORMAT = "dwarf-with-dsym";
				ENABLE_NS_ASSERTIONS = NO;
				ENABLE_STRICT_OBJC_MSGSEND = YES;
				GCC_C_LANGUAGE_STANDARD = gnu11;
				GCC_NO_COMMON_BLOCKS = YES;
				GCC_WARN_64_TO_32_BIT_CONVERSION = YES;
				GCC_WARN_ABOUT_RETURN_TYPE = YES_ERROR;
				GCC_WARN_UNDECLARED_SELECTOR = YES;
				GCC_WARN_UNINITIALIZED_AUTOS = YES_AGGRESSIVE;
				GCC_WARN_UNUSED_FUNCTION = YES;
				GCC_WARN_UNUSED_VARIABLE = YES;
				MACOSX_DEPLOYMENT_TARGET = 12.6;
				MTL_ENABLE_DEBUG_INFO = NO;
				MTL_FAST_MATH = YES;
				SDKROOT = macosx;
				SWIFT_COMPILATION_MODE = wholemodule;
				SWIFT_OPTIMIZATION_LEVEL = "-O";
			};
			name = Release;
		};
		B53F55222970181D002F7624 /* Debug */ = {
			isa = XCBuildConfiguration;
			buildSettings = {
				CLANG_ENABLE_MODULES = YES;
				CODE_SIGN_STYLE = Automatic;
				DEVELOPMENT_TEAM = AXN37CP9B9;
				ENABLE_HARDENED_RUNTIME = YES;
				LD_RUNPATH_SEARCH_PATHS = (
					"$(inherited)",
					"@executable_path/../Frameworks",
					"@loader_path/../Frameworks",
				);
				PRODUCT_NAME = "$(TARGET_NAME)";
				SWIFT_OPTIMIZATION_LEVEL = "-Onone";
				SWIFT_VERSION = 5.0;
			};
			name = Debug;
		};
		B53F55232970181D002F7624 /* Release */ = {
			isa = XCBuildConfiguration;
			buildSettings = {
				CLANG_ENABLE_MODULES = YES;
				CODE_SIGN_STYLE = Automatic;
				DEVELOPMENT_TEAM = AXN37CP9B9;
				ENABLE_HARDENED_RUNTIME = YES;
				LD_RUNPATH_SEARCH_PATHS = (
					"$(inherited)",
					"@executable_path/../Frameworks",
					"@loader_path/../Frameworks",
				);
				PRODUCT_NAME = "$(TARGET_NAME)";
				SWIFT_VERSION = 5.0;
			};
			name = Release;
		};
/* End XCBuildConfiguration section */

/* Begin XCConfigurationList section */
		B53F55152970181D002F7624 /* Build configuration list for PBXProject "Minjae" */ = {
			isa = XCConfigurationList;
			buildConfigurations = (
				B53F551F2970181D002F7624 /* Debug */,
				B53F55202970181D002F7624 /* Release */,
			);
			defaultConfigurationIsVisible = 0;
			defaultConfigurationName = Release;
		};
		B53F55212970181D002F7624 /* Build configuration list for PBXNativeTarget "Minjae" */ = {
			isa = XCConfigurationList;
			buildConfigurations = (
				B53F55222970181D002F7624 /* Debug */,
				B53F55232970181D002F7624 /* Release */,
			);
			defaultConfigurationIsVisible = 0;
			defaultConfigurationName = Release;
		};
/* End XCConfigurationList section */
	};
	rootObject = B53F55122970181D002F7624 /* Project object */;
}
